
Microsoft Visual Studio Solution File, Format Version 12.00
# Visual Studio 14
VisualStudioVersion = 14.0.25123.0
MinimumVisualStudioVersion = 10.0.40219.1
Project("{FAE04EC0-301F-11D3-BF4B-00C04F79EFBC}") = "Hang.Tools", "Hang.Tools\Hang.Tools.csproj", "{DB3D8070-760D-4CDA-9F1E-C790699BB195}"
EndProject
Project("{FAE04EC0-301F-11D3-BF4B-00C04F79EFBC}") = "Hang.Net4", "Hang.Net4\Hang.Net4.csproj", "{8D9F7E49-3BF3-4EAC-A243-974A2C00D333}"
EndProject
Project("{FAE04EC0-301F-11D3-BF4B-00C04F79EFBC}") = "Hang.WPF", "Hang.WPF\Hang.WPF.csproj", "{5604D40F-0FEA-4E61-96BB-75EB0D41A560}"
EndProject
Global
	GlobalSection(SolutionConfigurationPlatforms) = preSolution
		Debug|Any CPU = Debug|Any CPU
		Release|Any CPU = Release|Any CPU
	EndGlobalSection
	GlobalSection(ProjectConfigurationPlatforms) = postSolution
		{DB3D8070-760D-4CDA-9F1E-C790699BB195}.Debug|Any CPU.ActiveCfg = Debug|Any CPU
		{DB3D8070-760D-4CDA-9F1E-C790699BB195}.Debug|Any CPU.Build.0 = Debug|Any CPU
		{DB3D8070-760D-4CDA-9F1E-C790699BB195}.Release|Any CPU.ActiveCfg = Release|Any CPU
		{DB3D8070-760D-4CDA-9F1E-C790699BB195}.Release|Any CPU.Build.0 = Release|Any CPU
		{8D9F7E49-3BF3-4EAC-A243-974A2C00D333}.Debug|Any CPU.ActiveCfg = Debug|Any CPU
		{8D9F7E49-3BF3-4EAC-A243-974A2C00D333}.Debug|Any CPU.Build.0 = Debug|Any CPU
		{8D9F7E49-3BF3-4EAC-A243-974A2C00D333}.Release|Any CPU.ActiveCfg = Release|Any CPU
		{8D9F7E49-3BF3-4EAC-A243-974A2C00D333}.Release|Any CPU.Build.0 = Release|Any CPU
		{5604D40F-0FEA-4E61-96BB-75EB0D41A560}.Debug|Any CPU.ActiveCfg = Debug|Any CPU
		{5604D40F-0FEA-4E61-96BB-75EB0D41A560}.Debug|Any CPU.Build.0 = Debug|Any CPU
		{5604D40F-0FEA-4E61-96BB-75EB0D41A560}.Release|Any CPU.ActiveCfg = Release|Any CPU
		{5604D40F-0FEA-4E61-96BB-75EB0D41A560}.Release|Any CPU.Build.0 = Release|Any CPU
	EndGlobalSection
	GlobalSection(SolutionProperties) = preSolution
		HideSolutionNode = FALSE
	EndGlobalSection
EndGlobal
